
Microsoft Visual Studio Solution File, Format Version 12.00
# Visual Studio 15
VisualStudioVersion = 15.0.27428.2015
MinimumVisualStudioVersion = 10.0.40219.1
Project("{FAE04EC0-301F-11D3-BF4B-00C04F79EFBC}") = "web", "web\web.csproj", "{69ABBE0D-C624-414C-9DFF-8AE78207BEA5}"
EndProject
Project("{FAE04EC0-301F-11D3-BF4B-00C04F79EFBC}") = "portal", "portal\portal.csproj", "{9B25CC7E-4894-45A9-9068-44DBBCE4BD66}"
EndProject
Global
	GlobalSection(SolutionConfigurationPlatforms) = preSolution
		Debug|Any CPU = Debug|Any CPU
		Release|Any CPU = Release|Any CPU
	EndGlobalSection
	GlobalSection(ProjectConfigurationPlatforms) = postSolution
		{69ABBE0D-C624-414C-9DFF-8AE78207BEA5}.Debug|Any CPU.ActiveCfg = Debug|Any CPU
		{69ABBE0D-C624-414C-9DFF-8AE78207BEA5}.Debug|Any CPU.Build.0 = Debug|Any CPU
		{69ABBE0D-C624-414C-9DFF-8AE78207BEA5}.Release|Any CPU.ActiveCfg = Release|Any CPU
		{69ABBE0D-C624-414C-9DFF-8AE78207BEA5}.Release|Any CPU.Build.0 = Release|Any CPU
		{9B25CC7E-4894-45A9-9068-44DBBCE4BD66}.Debug|Any CPU.ActiveCfg = Debug|Any CPU
		{9B25CC7E-4894-45A9-9068-44DBBCE4BD66}.Debug|Any CPU.Build.0 = Debug|Any CPU
		{9B25CC7E-4894-45A9-9068-44DBBCE4BD66}.Release|Any CPU.ActiveCfg = Release|Any CPU
		{9B25CC7E-4894-45A9-9068-44DBBCE4BD66}.Release|Any CPU.Build.0 = Release|Any CPU
	EndGlobalSection
	GlobalSection(SolutionProperties) = preSolution
		HideSolutionNode = FALSE
	EndGlobalSection
	GlobalSection(ExtensibilityGlobals) = postSolution
		SolutionGuid = {85976CC4-0938-481A-BAA7-5663CFBC19FD}
	EndGlobalSection
EndGlobal
